
Microsoft Visual Studio Solution File, Format Version 12.00
# Visual Studio Version 17
VisualStudioVersion = 17.8.34408.163
MinimumVisualStudioVersion = 10.0.40219.1
Project("{FAE04EC0-301F-11D3-BF4B-00C04F79EFBC}") = "Clay.Api", "Clay.Api\Clay.Api.csproj", "{3C469D23-5840-458B-AB6C-30B3A75BAA66}"
EndProject
Project("{2150E333-8FDC-42A3-9474-1A3956D46DE8}") = "Solution Items", "Solution Items", "{A30035FA-AA0D-4A9E-A3A5-604F0E8936F5}"
	ProjectSection(SolutionItems) = preProject
		DESIGN.md = DESIGN.md
		ERD.png = ERD.png
		high-level-design.jpg = high-level-design.jpg
		README.md = README.md
	EndProjectSection
EndProject
Project("{FAE04EC0-301F-11D3-BF4B-00C04F79EFBC}") = "Clay.Domain", "Clay.Domain\Clay.Domain.csproj", "{B0E780C0-D129-4A2D-AF56-8FBDB83D9F8A}"
EndProject
Project("{FAE04EC0-301F-11D3-BF4B-00C04F79EFBC}") = "Clay.Infrastructure", "Clay.Infrastructure\Clay.Infrastructure.csproj", "{6166376E-32DF-4B48-A13C-0943B60F8CB7}"
EndProject
Project("{FAE04EC0-301F-11D3-BF4B-00C04F79EFBC}") = "Clay.Tests", "Clay.Tests\Clay.Tests.csproj", "{AE477DF8-FB2E-4BD3-8AA9-1E42916188E3}"
EndProject
Global
	GlobalSection(SolutionConfigurationPlatforms) = preSolution
		Debug|Any CPU = Debug|Any CPU
		Release|Any CPU = Release|Any CPU
	EndGlobalSection
	GlobalSection(ProjectConfigurationPlatforms) = postSolution
		{3C469D23-5840-458B-AB6C-30B3A75BAA66}.Debug|Any CPU.ActiveCfg = Debug|Any CPU
		{3C469D23-5840-458B-AB6C-30B3A75BAA66}.Debug|Any CPU.Build.0 = Debug|Any CPU
		{3C469D23-5840-458B-AB6C-30B3A75BAA66}.Release|Any CPU.ActiveCfg = Release|Any CPU
		{3C469D23-5840-458B-AB6C-30B3A75BAA66}.Release|Any CPU.Build.0 = Release|Any CPU
		{B0E780C0-D129-4A2D-AF56-8FBDB83D9F8A}.Debug|Any CPU.ActiveCfg = Debug|Any CPU
		{B0E780C0-D129-4A2D-AF56-8FBDB83D9F8A}.Debug|Any CPU.Build.0 = Debug|Any CPU
		{B0E780C0-D129-4A2D-AF56-8FBDB83D9F8A}.Release|Any CPU.ActiveCfg = Release|Any CPU
		{B0E780C0-D129-4A2D-AF56-8FBDB83D9F8A}.Release|Any CPU.Build.0 = Release|Any CPU
		{6166376E-32DF-4B48-A13C-0943B60F8CB7}.Debug|Any CPU.ActiveCfg = Debug|Any CPU
		{6166376E-32DF-4B48-A13C-0943B60F8CB7}.Debug|Any CPU.Build.0 = Debug|Any CPU
		{6166376E-32DF-4B48-A13C-0943B60F8CB7}.Release|Any CPU.ActiveCfg = Release|Any CPU
		{6166376E-32DF-4B48-A13C-0943B60F8CB7}.Release|Any CPU.Build.0 = Release|Any CPU
		{AE477DF8-FB2E-4BD3-8AA9-1E42916188E3}.Debug|Any CPU.ActiveCfg = Debug|Any CPU
		{AE477DF8-FB2E-4BD3-8AA9-1E42916188E3}.Debug|Any CPU.Build.0 = Debug|Any CPU
		{AE477DF8-FB2E-4BD3-8AA9-1E42916188E3}.Release|Any CPU.ActiveCfg = Release|Any CPU
		{AE477DF8-FB2E-4BD3-8AA9-1E42916188E3}.Release|Any CPU.Build.0 = Release|Any CPU
	EndGlobalSection
	GlobalSection(SolutionProperties) = preSolution
		HideSolutionNode = FALSE
	EndGlobalSection
	GlobalSection(ExtensibilityGlobals) = postSolution
		SolutionGuid = {15969EE7-7392-41AE-8186-8008715557C2}
	EndGlobalSection
EndGlobal
